
Microsoft Visual Studio Solution File, Format Version 12.00
Project("{FAE04EC0-301F-11D3-BF4B-00C04F79EFBC}") = "TwoSum", "TwoSum\TwoSum.csproj", "{D18EDA09-19F5-43CA-820D-C656C62D2B67}"
EndProject
Global
	GlobalSection(SolutionConfigurationPlatforms) = preSolution
		Debug|Any CPU = Debug|Any CPU
		Release|Any CPU = Release|Any CPU
	EndGlobalSection
	GlobalSection(ProjectConfigurationPlatforms) = postSolution
		{D18EDA09-19F5-43CA-820D-C656C62D2B67}.Debug|Any CPU.ActiveCfg = Debug|Any CPU
		{D18EDA09-19F5-43CA-820D-C656C62D2B67}.Debug|Any CPU.Build.0 = Debug|Any CPU
		{D18EDA09-19F5-43CA-820D-C656C62D2B67}.Release|Any CPU.ActiveCfg = Release|Any CPU
		{D18EDA09-19F5-43CA-820D-C656C62D2B67}.Release|Any CPU.Build.0 = Release|Any CPU
	EndGlobalSection
EndGlobal
